
Microsoft Visual Studio Solution File, Format Version 12.00
# Visual Studio Version 17
VisualStudioVersion = 17.4.33122.133
MinimumVisualStudioVersion = 10.0.40219.1
Project("{FAE04EC0-301F-11D3-BF4B-00C04F79EFBC}") = "OS projekt", "OS projekt\OS projekt.csproj", "{144BE961-3A83-4290-9468-2ACC07C328CD}"
EndProject
Global
	GlobalSection(SolutionConfigurationPlatforms) = preSolution
		Debug|Any CPU = Debug|Any CPU
		Release|Any CPU = Release|Any CPU
	EndGlobalSection
	GlobalSection(ProjectConfigurationPlatforms) = postSolution
		{144BE961-3A83-4290-9468-2ACC07C328CD}.Debug|Any CPU.ActiveCfg = Debug|Any CPU
		{144BE961-3A83-4290-9468-2ACC07C328CD}.Debug|Any CPU.Build.0 = Debug|Any CPU
		{144BE961-3A83-4290-9468-2ACC07C328CD}.Release|Any CPU.ActiveCfg = Release|Any CPU
		{144BE961-3A83-4290-9468-2ACC07C328CD}.Release|Any CPU.Build.0 = Release|Any CPU
	EndGlobalSection
	GlobalSection(SolutionProperties) = preSolution
		HideSolutionNode = FALSE
	EndGlobalSection
	GlobalSection(ExtensibilityGlobals) = postSolution
		SolutionGuid = {F0559198-E128-4395-BCC8-C3711A5F7B5E}
	EndGlobalSection
EndGlobal
